
Microsoft Visual Studio Solution File, Format Version 12.00
# Visual Studio Version 17
VisualStudioVersion = 17.5.33414.496
MinimumVisualStudioVersion = 10.0.40219.1
Project("{FAE04EC0-301F-11D3-BF4B-00C04F79EFBC}") = "gameRandom", "gameRandom\gameRandom.csproj", "{DA27FB12-C25B-4658-941F-21FB3FAFCB6F}"
EndProject
Global
	GlobalSection(SolutionConfigurationPlatforms) = preSolution
		Debug|Any CPU = Debug|Any CPU
		Release|Any CPU = Release|Any CPU
	EndGlobalSection
	GlobalSection(ProjectConfigurationPlatforms) = postSolution
		{DA27FB12-C25B-4658-941F-21FB3FAFCB6F}.Debug|Any CPU.ActiveCfg = Debug|Any CPU
		{DA27FB12-C25B-4658-941F-21FB3FAFCB6F}.Debug|Any CPU.Build.0 = Debug|Any CPU
		{DA27FB12-C25B-4658-941F-21FB3FAFCB6F}.Release|Any CPU.ActiveCfg = Release|Any CPU
		{DA27FB12-C25B-4658-941F-21FB3FAFCB6F}.Release|Any CPU.Build.0 = Release|Any CPU
	EndGlobalSection
	GlobalSection(SolutionProperties) = preSolution
		HideSolutionNode = FALSE
	EndGlobalSection
	GlobalSection(ExtensibilityGlobals) = postSolution
		SolutionGuid = {B6D86175-0717-4D66-9924-AEA8D83B6546}
	EndGlobalSection
EndGlobal
